{
  "nodes": {
    "nixlib": {
      "locked": {
        "lastModified": 1733620091,
        "narHash": "sha256-5WoMeCkaXqTZwwCNLRzyLxEJn8ISwjx4cNqLgqKwg9s=",
        "owner": "nix-community",
        "repo": "nixpkgs.lib",
        "rev": "f4dc9a6c02e5e14d91d158522f69f6ab4194eb5b",
        "type": "github"
      },
      "original": {
        "owner": "nix-community",
        "repo": "nixpkgs.lib",
        "type": "github"
      }
    },
    "nixos-generators": {
      "inputs": {
        "nixlib": "nixlib",
        "nixpkgs": [
          "nixpkgs"
        ]
      },
      "locked": {
        "lastModified": 1733706547,
        "narHash": "sha256-BdFW7TMgES7q8I5FGX5hlz+0Xp4WyfAP3tHDwEupSWU=",
        "owner": "nix-community",
        "repo": "nixos-generators",
        "rev": "f5a0197ccfef7388885fc9455e74d6dd39e0c5e8",
        "type": "github"
      },
      "original": {
        "owner": "nix-community",
        "repo": "nixos-generators",
        "type": "github"
      }
    },
    "nixpkgs": {
      "locked": {
        "lastModified": 1733759999,
        "narHash": "sha256-463SNPWmz46iLzJKRzO3Q2b0Aurff3U1n0nYItxq7jU=",
        "owner": "nixos",
        "repo": "nixpkgs",
        "rev": "a73246e2eef4c6ed172979932bc80e1404ba2d56",
        "type": "github"
      },
      "original": {
        "owner": "nixos",
        "ref": "nixos-unstable",
        "repo": "nixpkgs",
        "type": "github"
      }
    },
    "root": {
      "inputs": {
        "nixos-generators": "nixos-generators",
        "nixpkgs": "nixpkgs"
      }
    }
  },
  "root": "root",
  "version": 7
}
